
Microsoft Visual Studio Solution File, Format Version 12.00
Project("{FAE04EC0-301F-11D3-BF4B-00C04F79EFBC}") = "Guestline.Domain", "Guestline.Domain\Guestline.Domain.csproj", "{FC1B4F10-1D06-464D-A3B7-643DE164AD9E}"
EndProject
Project("{2150E333-8FDC-42A3-9474-1A3956D46DE8}") = "Tests", "Tests", "{24BDD65E-FB18-4795-9847-5754E81CB3D2}"
EndProject
Project("{FAE04EC0-301F-11D3-BF4B-00C04F79EFBC}") = "Guestline.Infrastructure.Persistence.Contracts", "Guestline.Infrastructure.Persistence.Contracts\Guestline.Infrastructure.Persistence.Contracts.csproj", "{CDC9A56A-223A-4405-B69E-8607F8718AFE}"
EndProject
Project("{FAE04EC0-301F-11D3-BF4B-00C04F79EFBC}") = "Guestline.Infrastructure.Persistence.Implementation", "Guestline.Infrastructure.Persistence.Implementation\Guestline.Infrastructure.Persistence.Implementation.csproj", "{5999D6D5-00B0-4826-9C73-099FB5020A2D}"
EndProject
Project("{FAE04EC0-301F-11D3-BF4B-00C04F79EFBC}") = "Guestline.Domain.UnitTests", "Guestline.Domain.UnitTests\Guestline.Domain.UnitTests.csproj", "{E14EDB07-A6F0-4869-BB7D-9A7F1B30328F}"
EndProject
Project("{FAE04EC0-301F-11D3-BF4B-00C04F79EFBC}") = "GuestLine.Infrastructure.Persistence.Implementation.IntegrationTests", "GuestLine.Infrastructure.Persistence.Implementation.IntegrationTests\GuestLine.Infrastructure.Persistence.Implementation.IntegrationTests.csproj", "{55B59553-ADCB-4157-9BB6-BA734A47EF70}"
EndProject
Project("{FAE04EC0-301F-11D3-BF4B-00C04F79EFBC}") = "GuestLine.Infrastructure.Persistence.Implementation.UnitTests", "GuestLine.Infrastructure.Persistence.Implementation.UnitTests\GuestLine.Infrastructure.Persistence.Implementation.UnitTests.csproj", "{5F855BA6-9715-4234-BC7D-E0491E81DA24}"
EndProject
Project("{FAE04EC0-301F-11D3-BF4B-00C04F79EFBC}") = "Guestline.Presentation", "Guestline.Presentation\Guestline.Presentation.csproj", "{C75E1B85-98D8-4E68-B5F0-193765BC1C36}"
EndProject
Global
	GlobalSection(SolutionConfigurationPlatforms) = preSolution
		Debug|Any CPU = Debug|Any CPU
		Release|Any CPU = Release|Any CPU
	EndGlobalSection
	GlobalSection(ProjectConfigurationPlatforms) = postSolution
		{FC1B4F10-1D06-464D-A3B7-643DE164AD9E}.Debug|Any CPU.ActiveCfg = Debug|Any CPU
		{FC1B4F10-1D06-464D-A3B7-643DE164AD9E}.Debug|Any CPU.Build.0 = Debug|Any CPU
		{FC1B4F10-1D06-464D-A3B7-643DE164AD9E}.Release|Any CPU.ActiveCfg = Release|Any CPU
		{FC1B4F10-1D06-464D-A3B7-643DE164AD9E}.Release|Any CPU.Build.0 = Release|Any CPU
		{CDC9A56A-223A-4405-B69E-8607F8718AFE}.Debug|Any CPU.ActiveCfg = Debug|Any CPU
		{CDC9A56A-223A-4405-B69E-8607F8718AFE}.Debug|Any CPU.Build.0 = Debug|Any CPU
		{CDC9A56A-223A-4405-B69E-8607F8718AFE}.Release|Any CPU.ActiveCfg = Release|Any CPU
		{CDC9A56A-223A-4405-B69E-8607F8718AFE}.Release|Any CPU.Build.0 = Release|Any CPU
		{5999D6D5-00B0-4826-9C73-099FB5020A2D}.Debug|Any CPU.ActiveCfg = Debug|Any CPU
		{5999D6D5-00B0-4826-9C73-099FB5020A2D}.Debug|Any CPU.Build.0 = Debug|Any CPU
		{5999D6D5-00B0-4826-9C73-099FB5020A2D}.Release|Any CPU.ActiveCfg = Release|Any CPU
		{5999D6D5-00B0-4826-9C73-099FB5020A2D}.Release|Any CPU.Build.0 = Release|Any CPU
		{E14EDB07-A6F0-4869-BB7D-9A7F1B30328F}.Debug|Any CPU.ActiveCfg = Debug|Any CPU
		{E14EDB07-A6F0-4869-BB7D-9A7F1B30328F}.Debug|Any CPU.Build.0 = Debug|Any CPU
		{E14EDB07-A6F0-4869-BB7D-9A7F1B30328F}.Release|Any CPU.ActiveCfg = Release|Any CPU
		{E14EDB07-A6F0-4869-BB7D-9A7F1B30328F}.Release|Any CPU.Build.0 = Release|Any CPU
		{55B59553-ADCB-4157-9BB6-BA734A47EF70}.Debug|Any CPU.ActiveCfg = Debug|Any CPU
		{55B59553-ADCB-4157-9BB6-BA734A47EF70}.Debug|Any CPU.Build.0 = Debug|Any CPU
		{55B59553-ADCB-4157-9BB6-BA734A47EF70}.Release|Any CPU.ActiveCfg = Release|Any CPU
		{55B59553-ADCB-4157-9BB6-BA734A47EF70}.Release|Any CPU.Build.0 = Release|Any CPU
		{5F855BA6-9715-4234-BC7D-E0491E81DA24}.Debug|Any CPU.ActiveCfg = Debug|Any CPU
		{5F855BA6-9715-4234-BC7D-E0491E81DA24}.Debug|Any CPU.Build.0 = Debug|Any CPU
		{5F855BA6-9715-4234-BC7D-E0491E81DA24}.Release|Any CPU.ActiveCfg = Release|Any CPU
		{5F855BA6-9715-4234-BC7D-E0491E81DA24}.Release|Any CPU.Build.0 = Release|Any CPU
		{C75E1B85-98D8-4E68-B5F0-193765BC1C36}.Debug|Any CPU.ActiveCfg = Debug|Any CPU
		{C75E1B85-98D8-4E68-B5F0-193765BC1C36}.Debug|Any CPU.Build.0 = Debug|Any CPU
		{C75E1B85-98D8-4E68-B5F0-193765BC1C36}.Release|Any CPU.ActiveCfg = Release|Any CPU
		{C75E1B85-98D8-4E68-B5F0-193765BC1C36}.Release|Any CPU.Build.0 = Release|Any CPU
	EndGlobalSection
	GlobalSection(NestedProjects) = preSolution
		{E14EDB07-A6F0-4869-BB7D-9A7F1B30328F} = {24BDD65E-FB18-4795-9847-5754E81CB3D2}
		{55B59553-ADCB-4157-9BB6-BA734A47EF70} = {24BDD65E-FB18-4795-9847-5754E81CB3D2}
		{5F855BA6-9715-4234-BC7D-E0491E81DA24} = {24BDD65E-FB18-4795-9847-5754E81CB3D2}
	EndGlobalSection
EndGlobal
